// !$*UTF8*$!
{
	archiveVersion = 1;
	classes = {
	};
	objectVersion = 46;
	objects = {

/* Begin PBXBuildFile section */
		0700F5AC1F802849000C5F24 /* main.m in Sources */ = {isa = PBXBuildFile; fileRef = 0700F5AB1F802849000C5F24 /* main.m */; };
		0700F5AF1F802849000C5F24 /* AppDelegate.m in Sources */ = {isa = PBXBuildFile; fileRef = 0700F5AE1F802849000C5F24 /* AppDelegate.m */; };
		0700F5B21F802849000C5F24 /* Scanner.m in Sources */ = {isa = PBXBuildFile; fileRef = 0700F5B11F802849000C5F24 /* Scanner.m */; };
		0700F5B51F802849000C5F24 /* Main.storyboard in Resources */ = {isa = PBXBuildFile; fileRef = 0700F5B31F802849000C5F24 /* Main.storyboard */; };
		0700F5B71F802849000C5F24 /* Assets.xcassets in Resources */ = {isa = PBXBuildFile; fileRef = 0700F5B61F802849000C5F24 /* Assets.xcassets */; };
		0700F5BA1F802849000C5F24 /* LaunchScreen.storyboard in Resources */ = {isa = PBXBuildFile; fileRef = 0700F5B81F802849000C5F24 /* LaunchScreen.storyboard */; };
/* End PBXBuildFile section */

/* Begin PBXFileReference section */
		0700F5A71F802849000C5F24 /* QRCodeScanner.app */ = {isa = PBXFileReference; explicitFileType = wrapper.application; includeInIndex = 0; path = QRCodeScanner.app; sourceTree = BUILT_PRODUCTS_DIR; };
		0700F5AB1F802849000C5F24 /* main.m */ = {isa = PBXFileReference; lastKnownFileType = sourcecode.c.objc; path = main.m; sourceTree = "<group>"; };
		0700F5AD1F802849000C5F24 /* AppDelegate.h */ = {isa = PBXFileReference; lastKnownFileType = sourcecode.c.h; path = AppDelegate.h; sourceTree = "<group>"; };
		0700F5AE1F802849000C5F24 /* AppDelegate.m */ = {isa = PBXFileReference; lastKnownFileType = sourcecode.c.objc; path = AppDelegate.m; sourceTree = "<group>"; };
		0700F5B01F802849000C5F24 /* Scanner.h */ = {isa = PBXFileReference; lastKnownFileType = sourcecode.c.h; path = Scanner.h; sourceTree = "<group>"; };
		0700F5B11F802849000C5F24 /* Scanner.m */ = {isa = PBXFileReference; lastKnownFileType = sourcecode.c.objc; path = Scanner.m; sourceTree = "<group>"; };
		0700F5B41F802849000C5F24 /* Base */ = {isa = PBXFileReference; lastKnownFileType = file.storyboard; name = Base; path = Base.lproj/Main.storyboard; sourceTree = "<group>"; };
		0700F5B61F802849000C5F24 /* Assets.xcassets */ = {isa = PBXFileReference; lastKnownFileType = folder.assetcatalog; path = Assets.xcassets; sourceTree = "<group>"; };
		0700F5B91F802849000C5F24 /* Base */ = {isa = PBXFileReference; lastKnownFileType = file.storyboard; name = Base; path = Base.lproj/LaunchScreen.storyboard; sourceTree = "<group>"; };
		0700F5BB1F802849000C5F24 /* Info.plist */ = {isa = PBXFileReference; lastKnownFileType = text.plist.xml; path = Info.plist; sourceTree = "<group>"; };
/* End PBXFileReference section */

/* Begin PBXFrameworksBuildPhase section */
		0700F5A41F802849000C5F24 /* Frameworks */ = {
			isa = PBXFrameworksBuildPhase;
			buildActionMask = 2147483647;
			files = (
			);
			runOnlyForDeploymentPostprocessing = 0;
		};
/* End PBXFrameworksBuildPhase section */

/* Begin PBXGroup section */
		0700F59E1F802849000C5F24 = {
			isa = PBXGroup;
			children = (
				0700F5A91F802849000C5F24 /* QRCodeScanner */,
				0700F5A81F802849000C5F24 /* Products */,
			);
			sourceTree = "<group>";
		};
		0700F5A81F802849000C5F24 /* Products */ = {
			isa = PBXGroup;
			children = (
				0700F5A71F802849000C5F24 /* QRCodeScanner.app */,
			);
			name = Products;
			sourceTree = "<group>";
		};
		0700F5A91F802849000C5F24 /* QRCodeScanner */ = {
			isa = PBXGroup;
			children = (
				0700F5AD1F802849000C5F24 /* AppDelegate.h */,
				0700F5AE1F802849000C5F24 /* AppDelegate.m */,
				0700F5B01F802849000C5F24 /* Scanner.h */,
				0700F5B11F802849000C5F24 /* Scanner.m */,
				0700F5B31F802849000C5F24 /* Main.storyboard */,
				0700F5B61F802849000C5F24 /* Assets.xcassets */,
				0700F5B81F802849000C5F24 /* LaunchScreen.storyboard */,
				0700F5BB1F802849000C5F24 /* Info.plist */,
				0700F5AA1F802849000C5F24 /* Supporting Files */,
			);
			path = QRCodeScanner;
			sourceTree = "<group>";
		};
		0700F5AA1F802849000C5F24 /* Supporting Files */ = {
			isa = PBXGroup;
			children = (
				0700F5AB1F802849000C5F24 /* main.m */,
			);
			name = "Supporting Files";
			sourceTree = "<group>";
		};
/* End PBXGroup section */

/* Begin PBXNativeTarget section */
		0700F5A61F802849000C5F24 /* QRCodeScanner */ = {
			isa = PBXNativeTarget;
			buildConfigurationList = 0700F5BE1F802849000C5F24 /* Build configuration list for PBXNativeTarget "QRCodeScanner" */;
			buildPhases = (
				0700F5A31F802849000C5F24 /* Sources */,
				0700F5A41F802849000C5F24 /* Frameworks */,
				0700F5A51F802849000C5F24 /* Resources */,
			);
			buildRules = (
			);
			dependencies = (
			);
			name = QRCodeScanner;
			productName = QRCodeScanner;
			productReference = 0700F5A71F802849000C5F24 /* QRCodeScanner.app */;
			productType = "com.apple.product-type.application";
		};
/* End PBXNativeTarget section */

/* Begin PBXProject section */
		0700F59F1F802849000C5F24 /* Project object */ = {
			isa = PBXProject;
			attributes = {
				LastUpgradeCheck = 0820;
				ORGANIZATIONNAME = AppsInception;
				TargetAttributes = {
					0700F5A61F802849000C5F24 = {
						CreatedOnToolsVersion = 8.2;
						ProvisioningStyle = Automatic;
					};
				};
			};
			buildConfigurationList = 0700F5A21F802849000C5F24 /* Build configuration list for PBXProject "QRCodeScanner" */;
			compatibilityVersion = "Xcode 3.2";
			developmentRegion = English;
			hasScannedForEncodings = 0;
			knownRegions = (
				en,
				Base,
			);
			mainGroup = 0700F59E1F802849000C5F24;
			productRefGroup = 0700F5A81F802849000C5F24 /* Products */;
			projectDirPath = "";
			projectRoot = "";
			targets = (
				0700F5A61F802849000C5F24 /* QRCodeScanner */,
			);
		};
/* End PBXProject section */

/* Begin PBXResourcesBuildPhase section */
		0700F5A51F802849000C5F24 /* Resources */ = {
			isa = PBXResourcesBuildPhase;
			buildActionMask = 2147483647;
			files = (
				0700F5BA1F802849000C5F24 /* LaunchScreen.storyboard in Resources */,
				0700F5B71F802849000C5F24 /* Assets.xcassets in Resources */,
				0700F5B51F802849000C5F24 /* Main.storyboard in Resources */,
			);
			runOnlyForDeploymentPostprocessing = 0;
		};
/* End PBXResourcesBuildPhase section */

/* Begin PBXSourcesBuildPhase section */
		0700F5A31F802849000C5F24 /* Sources */ = {
			isa = PBXSourcesBuildPhase;
			buildActionMask = 2147483647;
			files = (
				0700F5B21F802849000C5F24 /* Scanner.m in Sources */,
				0700F5AF1F802849000C5F24 /* AppDelegate.m in Sources */,
				0700F5AC1F802849000C5F24 /* main.m in Sources */,
			);
			runOnlyForDeploymentPostprocessing = 0;
		};
/* End PBXSourcesBuildPhase section */

/* Begin PBXVariantGroup section */
		0700F5B31F802849000C5F24 /* Main.storyboard */ = {
			isa = PBXVariantGroup;
			children = (
				0700F5B41F802849000C5F24 /* Base */,
			);
			name = Main.storyboard;
			sourceTree = "<group>";
		};
		0700F5B81F802849000C5F24 /* LaunchScreen.storyboard */ = {
			isa = PBXVariantGroup;
			children = (
				0700F5B91F802849000C5F24 /* Base */,
			);
			name = LaunchScreen.storyboard;
			sourceTree = "<group>";
		};
/* End PBXVariantGroup section */

/* Begin XCBuildConfiguration section */
		0700F5BC1F802849000C5F24 /* Debug */ = {
			isa = XCBuildConfiguration;
			buildSettings = {
				ALWAYS_SEARCH_USER_PATHS = NO;
				CLANG_ANALYZER_NONNULL = YES;
				CLANG_CXX_LANGUAGE_STANDARD = "gnu++0x";
				CLANG_CXX_LIBRARY = "libc++";
				CLANG_ENABLE_MODULES = YES;
				CLANG_ENABLE_OBJC_ARC = YES;
				CLANG_WARN_BOOL_CONVERSION = YES;
				CLANG_WARN_CONSTANT_CONVERSION = YES;
				CLANG_WARN_DIRECT_OBJC_ISA_USAGE = YES_ERROR;
				CLANG_WARN_DOCUMENTATION_COMMENTS = YES;
				CLANG_WARN_EMPTY_BODY = YES;
				CLANG_WARN_ENUM_CONVERSION = YES;
				CLANG_WARN_INFINITE_RECURSION = YES;
				CLANG_WARN_INT_CONVERSION = YES;
				CLANG_WARN_OBJC_ROOT_CLASS = YES_ERROR;
				CLANG_WARN_SUSPICIOUS_MOVE = YES;
				CLANG_WARN_UNREACHABLE_CODE = YES;
				CLANG_WARN__DUPLICATE_METHOD_MATCH = YES;
				"CODE_SIGN_IDENTITY[sdk=iphoneos*]" = "iPhone Developer";
				COPY_PHASE_STRIP = NO;
				DEBUG_INFORMATION_FORMAT = dwarf;
				ENABLE_STRICT_OBJC_MSGSEND = YES;
				ENABLE_TESTABILITY = YES;
				GCC_C_LANGUAGE_STANDARD = gnu99;
				GCC_DYNAMIC_NO_PIC = NO;
				GCC_NO_COMMON_BLOCKS = YES;
				GCC_OPTIMIZATION_LEVEL = 0;
				GCC_PREPROCESSOR_DEFINITIONS = (
					"DEBUG=1",
					"$(inherited)",
				);
				GCC_WARN_64_TO_32_BIT_CONVERSION = YES;
				GCC_WARN_ABOUT_RETURN_TYPE = YES_ERROR;
				GCC_WARN_UNDECLARED_SELECTOR = YES;
				GCC_WARN_UNINITIALIZED_AUTOS = YES_AGGRESSIVE;
				GCC_WARN_UNUSED_FUNCTION = YES;
				GCC_WARN_UNUSED_VARIABLE = YES;
				IPHONEOS_DEPLOYMENT_TARGET = 10.2;
				MTL_ENABLE_DEBUG_INFO = YES;
				ONLY_ACTIVE_ARCH = YES;
				SDKROOT = iphoneos;
				TARGETED_DEVICE_FAMILY = "1,2";
			};
			name = Debug;
		};
		0700F5BD1F802849000C5F24 /* Release */ = {
			isa = XCBuildConfiguration;
			buildSettings = {
				ALWAYS_SEARCH_USER_PATHS = NO;
				CLANG_ANALYZER_NONNULL = YES;
				CLANG_CXX_LANGUAGE_STANDARD = "gnu++0x";
				CLANG_CXX_LIBRARY = "libc++";
				CLANG_ENABLE_MODULES = YES;
				CLANG_ENABLE_OBJC_ARC = YES;
				CLANG_WARN_BOOL_CONVERSION = YES;
				CLANG_WARN_CONSTANT_CONVERSION = YES;
				CLANG_WARN_DIRECT_OBJC_ISA_USAGE = YES_ERROR;
				CLANG_WARN_DOCUMENTATION_COMMENTS = YES;
				CLANG_WARN_EMPTY_BODY = YES;
				CLANG_WARN_ENUM_CONVERSION = YES;
				CLANG_WARN_INFINITE_RECURSION = YES;
				CLANG_WARN_INT_CONVERSION = YES;
				CLANG_WARN_OBJC_ROOT_CLASS = YES_ERROR;
				CLANG_WARN_SUSPICIOUS_MOVE = YES;
				CLANG_WARN_UNREACHABLE_CODE = YES;
				CLANG_WARN__DUPLICATE_METHOD_MATCH = YES;
				"CODE_SIGN_IDENTITY[sdk=iphoneos*]" = "iPhone Developer";
				COPY_PHASE_STRIP = NO;
				DEBUG_INFORMATION_FORMAT = "dwarf-with-dsym";
				ENABLE_NS_ASSERTIONS = NO;
				ENABLE_STRICT_OBJC_MSGSEND = YES;
				GCC_C_LANGUAGE_STANDARD = gnu99;
				GCC_NO_COMMON_BLOCKS = YES;
				GCC_WARN_64_TO_32_BIT_CONVERSION = YES;
				GCC_WARN_ABOUT_RETURN_TYPE = YES_ERROR;
				GCC_WARN_UNDECLARED_SELECTOR = YES;
				GCC_WARN_UNINITIALIZED_AUTOS = YES_AGGRESSIVE;
				GCC_WARN_UNUSED_FUNCTION = YES;
				GCC_WARN_UNUSED_VARIABLE = YES;
				IPHONEOS_DEPLOYMENT_TARGET = 10.2;
				MTL_ENABLE_DEBUG_INFO = NO;
				SDKROOT = iphoneos;
				TARGETED_DEVICE_FAMILY = "1,2";
				VALIDATE_PRODUCT = YES;
			};
			name = Release;
		};
		0700F5BF1F802849000C5F24 /* Debug */ = {
			isa = XCBuildConfiguration;
			buildSettings = {
				ASSETCATALOG_COMPILER_APPICON_NAME = AppIcon;
				INFOPLIST_FILE = QRCodeScanner/Info.plist;
				LD_RUNPATH_SEARCH_PATHS = "$(inherited) @executable_path/Frameworks";
				PRODUCT_BUNDLE_IDENTIFIER = com.appsInception.QRCodeScanner;
				PRODUCT_NAME = "$(TARGET_NAME)";
			};
			name = Debug;
		};
		0700F5C01F802849000C5F24 /* Release */ = {
			isa = XCBuildConfiguration;
			buildSettings = {
				ASSETCATALOG_COMPILER_APPICON_NAME = AppIcon;
				INFOPLIST_FILE = QRCodeScanner/Info.plist;
				LD_RUNPATH_SEARCH_PATHS = "$(inherited) @executable_path/Frameworks";
				PRODUCT_BUNDLE_IDENTIFIER = com.appsInception.QRCodeScanner;
				PRODUCT_NAME = "$(TARGET_NAME)";
			};
			name = Release;
		};
/* End XCBuildConfiguration section */

/* Begin XCConfigurationList section */
		0700F5A21F802849000C5F24 /* Build configuration list for PBXProject "QRCodeScanner" */ = {
			isa = XCConfigurationList;
			buildConfigurations = (
				0700F5BC1F802849000C5F24 /* Debug */,
				0700F5BD1F802849000C5F24 /* Release */,
			);
			defaultConfigurationIsVisible = 0;
			defaultConfigurationName = Release;
		};
		0700F5BE1F802849000C5F24 /* Build configuration list for PBXNativeTarget "QRCodeScanner" */ = {
			isa = XCConfigurationList;
			buildConfigurations = (
				0700F5BF1F802849000C5F24 /* Debug */,
				0700F5C01F802849000C5F24 /* Release */,
			);
			defaultConfigurationIsVisible = 0;
		};
/* End XCConfigurationList section */
	};
	rootObject = 0700F59F1F802849000C5F24 /* Project object */;
}
